
Microsoft Visual Studio Solution File, Format Version 12.00
# Visual Studio 15
VisualStudioVersion = 15.0.28307.705
MinimumVisualStudioVersion = 10.0.40219.1
Project("{8BC9CEB8-8B4A-11D0-8D11-00A0C91BC942}") = "GPGPU", "GPGPU\GPGPU.vcxproj", "{636A4178-078C-4F51-B5B6-E59766876470}"
EndProject
Global
	GlobalSection(SolutionConfigurationPlatforms) = preSolution
		Debug|x64 = Debug|x64
		Release|x64 = Release|x64
	EndGlobalSection
	GlobalSection(ProjectConfigurationPlatforms) = postSolution
		{636A4178-078C-4F51-B5B6-E59766876470}.Debug|x64.ActiveCfg = Debug|x64
		{636A4178-078C-4F51-B5B6-E59766876470}.Debug|x64.Build.0 = Debug|x64
		{636A4178-078C-4F51-B5B6-E59766876470}.Release|x64.ActiveCfg = Release|x64
		{636A4178-078C-4F51-B5B6-E59766876470}.Release|x64.Build.0 = Release|x64
	EndGlobalSection
	GlobalSection(SolutionProperties) = preSolution
		HideSolutionNode = FALSE
	EndGlobalSection
	GlobalSection(ExtensibilityGlobals) = postSolution
		SolutionGuid = {1684F613-3B38-4824-804B-128EF4CA0A2E}
	EndGlobalSection
EndGlobal
